
Microsoft Visual Studio Solution File, Format Version 12.00
# Visual Studio Version 17
VisualStudioVersion = 17.7.34024.191
MinimumVisualStudioVersion = 10.0.40219.1
Project("{FAE04EC0-301F-11D3-BF4B-00C04F79EFBC}") = "DAL", "DAL\DAL.csproj", "{FDFAC936-4A60-41C1-8527-BFBE11FABC93}"
EndProject
Project("{FAE04EC0-301F-11D3-BF4B-00C04F79EFBC}") = "Service", "Service\Service.csproj", "{15BBB229-9E06-42D1-B378-6D094C0450D2}"
EndProject
Project("{FAE04EC0-301F-11D3-BF4B-00C04F79EFBC}") = "Repository", "Repository\Repository.csproj", "{0D14123A-9240-4D1D-9652-7379AAA42E8A}"
EndProject
Project("{FAE04EC0-301F-11D3-BF4B-00C04F79EFBC}") = "DemoWeb", "DemoWeb\DemoWeb.csproj", "{3EC8018F-ABA1-416F-B5DF-5B8E165BCEDD}"
EndProject
Global
	GlobalSection(SolutionConfigurationPlatforms) = preSolution
		Debug|Any CPU = Debug|Any CPU
		Release|Any CPU = Release|Any CPU
	EndGlobalSection
	GlobalSection(ProjectConfigurationPlatforms) = postSolution
		{FDFAC936-4A60-41C1-8527-BFBE11FABC93}.Debug|Any CPU.ActiveCfg = Debug|Any CPU
		{FDFAC936-4A60-41C1-8527-BFBE11FABC93}.Debug|Any CPU.Build.0 = Debug|Any CPU
		{FDFAC936-4A60-41C1-8527-BFBE11FABC93}.Release|Any CPU.ActiveCfg = Release|Any CPU
		{FDFAC936-4A60-41C1-8527-BFBE11FABC93}.Release|Any CPU.Build.0 = Release|Any CPU
		{15BBB229-9E06-42D1-B378-6D094C0450D2}.Debug|Any CPU.ActiveCfg = Debug|Any CPU
		{15BBB229-9E06-42D1-B378-6D094C0450D2}.Debug|Any CPU.Build.0 = Debug|Any CPU
		{15BBB229-9E06-42D1-B378-6D094C0450D2}.Release|Any CPU.ActiveCfg = Release|Any CPU
		{15BBB229-9E06-42D1-B378-6D094C0450D2}.Release|Any CPU.Build.0 = Release|Any CPU
		{0D14123A-9240-4D1D-9652-7379AAA42E8A}.Debug|Any CPU.ActiveCfg = Debug|Any CPU
		{0D14123A-9240-4D1D-9652-7379AAA42E8A}.Debug|Any CPU.Build.0 = Debug|Any CPU
		{0D14123A-9240-4D1D-9652-7379AAA42E8A}.Release|Any CPU.ActiveCfg = Release|Any CPU
		{0D14123A-9240-4D1D-9652-7379AAA42E8A}.Release|Any CPU.Build.0 = Release|Any CPU
		{3EC8018F-ABA1-416F-B5DF-5B8E165BCEDD}.Debug|Any CPU.ActiveCfg = Debug|Any CPU
		{3EC8018F-ABA1-416F-B5DF-5B8E165BCEDD}.Debug|Any CPU.Build.0 = Debug|Any CPU
		{3EC8018F-ABA1-416F-B5DF-5B8E165BCEDD}.Release|Any CPU.ActiveCfg = Release|Any CPU
		{3EC8018F-ABA1-416F-B5DF-5B8E165BCEDD}.Release|Any CPU.Build.0 = Release|Any CPU
	EndGlobalSection
	GlobalSection(SolutionProperties) = preSolution
		HideSolutionNode = FALSE
	EndGlobalSection
	GlobalSection(ExtensibilityGlobals) = postSolution
		SolutionGuid = {1637936F-1CF4-4EEE-A19F-CCD974A679F5}
	EndGlobalSection
EndGlobal
