
Microsoft Visual Studio Solution File, Format Version 12.00
# Visual Studio Version 17
VisualStudioVersion = 17.7.34024.191
MinimumVisualStudioVersion = 10.0.40219.1
Project("{9A19103F-16F7-4668-BE54-9A1E7A4F7556}") = "DemoTopic2", "DemoTopic2\DemoTopic2.csproj", "{030C9354-883E-475C-9D3A-F45E42B72171}"
EndProject
Project("{9A19103F-16F7-4668-BE54-9A1E7A4F7556}") = "DemoTemplateMethod", "DemoTemplateMethod\DemoTemplateMethod.csproj", "{C88A33C4-AC3E-416F-AE49-7FAE01C89E98}"
EndProject
Project("{FAE04EC0-301F-11D3-BF4B-00C04F79EFBC}") = "DemoRepository", "DemoRepository\DemoRepository.csproj", "{592A4EE8-1F90-4236-BF4D-6CA48B3A2989}"
EndProject
Global
	GlobalSection(SolutionConfigurationPlatforms) = preSolution
		Debug|Any CPU = Debug|Any CPU
		Release|Any CPU = Release|Any CPU
	EndGlobalSection
	GlobalSection(ProjectConfigurationPlatforms) = postSolution
		{030C9354-883E-475C-9D3A-F45E42B72171}.Debug|Any CPU.ActiveCfg = Debug|Any CPU
		{030C9354-883E-475C-9D3A-F45E42B72171}.Debug|Any CPU.Build.0 = Debug|Any CPU
		{030C9354-883E-475C-9D3A-F45E42B72171}.Release|Any CPU.ActiveCfg = Release|Any CPU
		{030C9354-883E-475C-9D3A-F45E42B72171}.Release|Any CPU.Build.0 = Release|Any CPU
		{C88A33C4-AC3E-416F-AE49-7FAE01C89E98}.Debug|Any CPU.ActiveCfg = Debug|Any CPU
		{C88A33C4-AC3E-416F-AE49-7FAE01C89E98}.Debug|Any CPU.Build.0 = Debug|Any CPU
		{C88A33C4-AC3E-416F-AE49-7FAE01C89E98}.Release|Any CPU.ActiveCfg = Release|Any CPU
		{C88A33C4-AC3E-416F-AE49-7FAE01C89E98}.Release|Any CPU.Build.0 = Release|Any CPU
		{592A4EE8-1F90-4236-BF4D-6CA48B3A2989}.Debug|Any CPU.ActiveCfg = Debug|Any CPU
		{592A4EE8-1F90-4236-BF4D-6CA48B3A2989}.Debug|Any CPU.Build.0 = Debug|Any CPU
		{592A4EE8-1F90-4236-BF4D-6CA48B3A2989}.Release|Any CPU.ActiveCfg = Release|Any CPU
		{592A4EE8-1F90-4236-BF4D-6CA48B3A2989}.Release|Any CPU.Build.0 = Release|Any CPU
	EndGlobalSection
	GlobalSection(SolutionProperties) = preSolution
		HideSolutionNode = FALSE
	EndGlobalSection
	GlobalSection(ExtensibilityGlobals) = postSolution
		SolutionGuid = {A650DF41-82CB-4E11-832F-D73D74B92323}
	EndGlobalSection
EndGlobal
