
Microsoft Visual Studio Solution File, Format Version 12.00
# Visual Studio Version 17
VisualStudioVersion = 17.7.34024.191
MinimumVisualStudioVersion = 10.0.40219.1
Project("{FAE04EC0-301F-11D3-BF4B-00C04F79EFBC}") = "WebSite", "WebSite\WebSite.csproj", "{7587265D-BA00-4F10-8EDD-28BB765BD6F8}"
EndProject
Global
	GlobalSection(SolutionConfigurationPlatforms) = preSolution
		Debug|Any CPU = Debug|Any CPU
		Release|Any CPU = Release|Any CPU
	EndGlobalSection
	GlobalSection(ProjectConfigurationPlatforms) = postSolution
		{7587265D-BA00-4F10-8EDD-28BB765BD6F8}.Debug|Any CPU.ActiveCfg = Debug|Any CPU
		{7587265D-BA00-4F10-8EDD-28BB765BD6F8}.Debug|Any CPU.Build.0 = Debug|Any CPU
		{7587265D-BA00-4F10-8EDD-28BB765BD6F8}.Release|Any CPU.ActiveCfg = Release|Any CPU
		{7587265D-BA00-4F10-8EDD-28BB765BD6F8}.Release|Any CPU.Build.0 = Release|Any CPU
	EndGlobalSection
	GlobalSection(SolutionProperties) = preSolution
		HideSolutionNode = FALSE
	EndGlobalSection
	GlobalSection(ExtensibilityGlobals) = postSolution
		SolutionGuid = {6CACF943-5529-4CF1-A1C5-1F361ACFBFFB}
	EndGlobalSection
EndGlobal
